
Microsoft Visual Studio Solution File, Format Version 12.00
# Visual Studio Version 17
VisualStudioVersion = 17.9.34728.123
MinimumVisualStudioVersion = 10.0.40219.1
Project("{2150E333-8FDC-42A3-9474-1A3956D46DE8}") = "Services", "Services", "{62A421E4-C5FC-4894-AF99-673E2A3014CE}"
EndProject
Project("{2150E333-8FDC-42A3-9474-1A3956D46DE8}") = "Catalog", "Catalog", "{3D4080ED-C783-479F-B3D6-13B9A27A7FDB}"
EndProject
Project("{9A19103F-16F7-4668-BE54-9A1E7A4F7556}") = "DrakeShop.Catalog", "Services\Catalog\DrakeShop.Catalog\DrakeShop.Catalog.csproj", "{E4DE0E29-2505-42DD-883D-742F43C9F831}"
EndProject
Project("{2150E333-8FDC-42A3-9474-1A3956D46DE8}") = "Discount", "Discount", "{59D6D149-744E-4983-9D50-E6435D9C0D14}"
EndProject
Project("{9A19103F-16F7-4668-BE54-9A1E7A4F7556}") = "DrakeShop.Discount", "Services\Discount\DrakeShop.Discount\DrakeShop.Discount.csproj", "{875A7E49-C271-435E-A052-0B66214B1CD4}"
EndProject
Project("{2150E333-8FDC-42A3-9474-1A3956D46DE8}") = "Order", "Order", "{F6275450-5D5E-4B90-BAE9-46BAD16DE219}"
EndProject
Project("{2150E333-8FDC-42A3-9474-1A3956D46DE8}") = "Core", "Core", "{20374938-0C41-42F0-9B20-4FC4E2B063A2}"
EndProject
Project("{2150E333-8FDC-42A3-9474-1A3956D46DE8}") = "Infrastructure", "Infrastructure", "{0F4CDB76-3AE5-4C1D-B4E2-C5BC46F63303}"
EndProject
Project("{2150E333-8FDC-42A3-9474-1A3956D46DE8}") = "Presentation", "Presentation", "{ABB67631-B401-43DF-9C2A-9E6BF67137EA}"
EndProject
Project("{9A19103F-16F7-4668-BE54-9A1E7A4F7556}") = "DrakeShop.Order.Application", "Services\Order\Core\DrakeShop.Order.Application\DrakeShop.Order.Application.csproj", "{0B115652-5111-45C8-B23A-ED9A47B13FE3}"
EndProject
Project("{9A19103F-16F7-4668-BE54-9A1E7A4F7556}") = "DrakeShop.Order.Domain", "Services\Order\Core\DrakeShop.Order.Domain\DrakeShop.Order.Domain.csproj", "{247D4449-8854-43AE-BEE1-7E4725EFC4DE}"
EndProject
Project("{9A19103F-16F7-4668-BE54-9A1E7A4F7556}") = "DrakeShop.Order.Persistence", "Services\Order\Infrastructure\DrakeShop.Order.Persistence\DrakeShop.Order.Persistence.csproj", "{AEE6F2A2-0B1F-41D9-B357-38E32716DCF4}"
EndProject
Project("{9A19103F-16F7-4668-BE54-9A1E7A4F7556}") = "DrakeShop.Order.WebApi", "Services\Order\Presentation\DrakeShop.Order.WebApi\DrakeShop.Order.WebApi.csproj", "{08382E14-EE8D-484F-98EC-EC28392A84FE}"
EndProject
Project("{2150E333-8FDC-42A3-9474-1A3956D46DE8}") = "IdentityServer", "IdentityServer", "{55B8363A-720F-4360-AB3F-6434AF6193E0}"
EndProject
Project("{9A19103F-16F7-4668-BE54-9A1E7A4F7556}") = "DrakeShop.IdentityServer", "IdentityServer\DrakeShop.IdentityServer\DrakeShop.IdentityServer.csproj", "{AD5B29BB-F037-4BC7-82A3-DB36B6EBEC8C}"
EndProject
Project("{2150E333-8FDC-42A3-9474-1A3956D46DE8}") = "Cargo", "Cargo", "{7FB7CA8D-F123-42E8-8A78-195FE2EB4ACE}"
EndProject
Project("{9A19103F-16F7-4668-BE54-9A1E7A4F7556}") = "DrakeShop.Cargo.EntityLayer", "Services\Cargo\DrakeShop.Cargo.EntityLayer\DrakeShop.Cargo.EntityLayer.csproj", "{86757384-C05D-47FA-BF77-BB27AC689704}"
EndProject
Project("{9A19103F-16F7-4668-BE54-9A1E7A4F7556}") = "DrakeShop.Cargo.BusinessLayer", "Services\Cargo\DrakeShop.Cargo.BusinessLayer\DrakeShop.Cargo.BusinessLayer.csproj", "{74DF3170-86C6-408F-BCBA-3ED1B3BC8BF1}"
EndProject
Project("{9A19103F-16F7-4668-BE54-9A1E7A4F7556}") = "DrakeShop.Cargo.DataAccessLayer", "Services\Cargo\DrakeShop.Cargo.DataAccessLayer\DrakeShop.Cargo.DataAccessLayer.csproj", "{DF9180A5-80A6-427D-9F45-67864BB58BC8}"
EndProject
Project("{9A19103F-16F7-4668-BE54-9A1E7A4F7556}") = "DrakeShop.Cargo.DtoLayer", "Services\Cargo\DrakeShop.Cargo.DtoLayer\DrakeShop.Cargo.DtoLayer.csproj", "{C190D4FE-98F4-4BB5-BBD2-C1122793F236}"
EndProject
Project("{9A19103F-16F7-4668-BE54-9A1E7A4F7556}") = "DrakeShop.Cargo.WebApi", "Services\Cargo\DrakeShop.Cargo.WebApi\DrakeShop.Cargo.WebApi.csproj", "{573D64B7-B494-4EA3-AF8D-FDAE31E93727}"
EndProject
Project("{2150E333-8FDC-42A3-9474-1A3956D46DE8}") = "Basket", "Basket", "{4377B2D8-DDBC-4FA4-839B-06D9C036A692}"
EndProject
Project("{9A19103F-16F7-4668-BE54-9A1E7A4F7556}") = "DrakeShop.Basket", "Services\Basket\DrakeShop.Basket\DrakeShop.Basket.csproj", "{1EE44154-2A4A-4A4E-8653-CF64E34439E4}"
EndProject
Project("{2150E333-8FDC-42A3-9474-1A3956D46DE8}") = "Settings", "Settings", "{D3F56422-33F8-43B5-BA14-A5DA81C954DD}"
EndProject
Project("{2150E333-8FDC-42A3-9474-1A3956D46DE8}") = "Comment", "Comment", "{3D2CB222-7E43-4459-9C7F-05B38E275DC8}"
EndProject
Project("{9A19103F-16F7-4668-BE54-9A1E7A4F7556}") = "DrakeShop.Comment", "Services\Comment\DrakeShop.Comment\DrakeShop.Comment.csproj", "{B6A9421E-7811-4083-ADBA-CC57CB0816ED}"
EndProject
Project("{2150E333-8FDC-42A3-9474-1A3956D46DE8}") = "Contact", "Contact", "{877BEC93-C053-4429-8D6A-4559E6D646CC}"
EndProject
Project("{FAE04EC0-301F-11D3-BF4B-00C04F79EFBC}") = "DrakeShop.Contact", "Services\Contact\DrakeShop.Contact\DrakeShop.Contact.csproj", "{4715B7D8-DDA1-46CC-B389-3D79EB2A4775}"
EndProject
Global
	GlobalSection(SolutionConfigurationPlatforms) = preSolution
		Debug|Any CPU = Debug|Any CPU
		Release|Any CPU = Release|Any CPU
	EndGlobalSection
	GlobalSection(ProjectConfigurationPlatforms) = postSolution
		{E4DE0E29-2505-42DD-883D-742F43C9F831}.Debug|Any CPU.ActiveCfg = Debug|Any CPU
		{E4DE0E29-2505-42DD-883D-742F43C9F831}.Debug|Any CPU.Build.0 = Debug|Any CPU
		{E4DE0E29-2505-42DD-883D-742F43C9F831}.Release|Any CPU.ActiveCfg = Release|Any CPU
		{E4DE0E29-2505-42DD-883D-742F43C9F831}.Release|Any CPU.Build.0 = Release|Any CPU
		{875A7E49-C271-435E-A052-0B66214B1CD4}.Debug|Any CPU.ActiveCfg = Debug|Any CPU
		{875A7E49-C271-435E-A052-0B66214B1CD4}.Debug|Any CPU.Build.0 = Debug|Any CPU
		{875A7E49-C271-435E-A052-0B66214B1CD4}.Release|Any CPU.ActiveCfg = Release|Any CPU
		{875A7E49-C271-435E-A052-0B66214B1CD4}.Release|Any CPU.Build.0 = Release|Any CPU
		{0B115652-5111-45C8-B23A-ED9A47B13FE3}.Debug|Any CPU.ActiveCfg = Debug|Any CPU
		{0B115652-5111-45C8-B23A-ED9A47B13FE3}.Debug|Any CPU.Build.0 = Debug|Any CPU
		{0B115652-5111-45C8-B23A-ED9A47B13FE3}.Release|Any CPU.ActiveCfg = Release|Any CPU
		{0B115652-5111-45C8-B23A-ED9A47B13FE3}.Release|Any CPU.Build.0 = Release|Any CPU
		{247D4449-8854-43AE-BEE1-7E4725EFC4DE}.Debug|Any CPU.ActiveCfg = Debug|Any CPU
		{247D4449-8854-43AE-BEE1-7E4725EFC4DE}.Debug|Any CPU.Build.0 = Debug|Any CPU
		{247D4449-8854-43AE-BEE1-7E4725EFC4DE}.Release|Any CPU.ActiveCfg = Release|Any CPU
		{247D4449-8854-43AE-BEE1-7E4725EFC4DE}.Release|Any CPU.Build.0 = Release|Any CPU
		{AEE6F2A2-0B1F-41D9-B357-38E32716DCF4}.Debug|Any CPU.ActiveCfg = Debug|Any CPU
		{AEE6F2A2-0B1F-41D9-B357-38E32716DCF4}.Debug|Any CPU.Build.0 = Debug|Any CPU
		{AEE6F2A2-0B1F-41D9-B357-38E32716DCF4}.Release|Any CPU.ActiveCfg = Release|Any CPU
		{AEE6F2A2-0B1F-41D9-B357-38E32716DCF4}.Release|Any CPU.Build.0 = Release|Any CPU
		{08382E14-EE8D-484F-98EC-EC28392A84FE}.Debug|Any CPU.ActiveCfg = Debug|Any CPU
		{08382E14-EE8D-484F-98EC-EC28392A84FE}.Debug|Any CPU.Build.0 = Debug|Any CPU
		{08382E14-EE8D-484F-98EC-EC28392A84FE}.Release|Any CPU.ActiveCfg = Release|Any CPU
		{08382E14-EE8D-484F-98EC-EC28392A84FE}.Release|Any CPU.Build.0 = Release|Any CPU
		{AD5B29BB-F037-4BC7-82A3-DB36B6EBEC8C}.Debug|Any CPU.ActiveCfg = Debug|Any CPU
		{AD5B29BB-F037-4BC7-82A3-DB36B6EBEC8C}.Debug|Any CPU.Build.0 = Debug|Any CPU
		{AD5B29BB-F037-4BC7-82A3-DB36B6EBEC8C}.Release|Any CPU.ActiveCfg = Release|Any CPU
		{AD5B29BB-F037-4BC7-82A3-DB36B6EBEC8C}.Release|Any CPU.Build.0 = Release|Any CPU
		{86757384-C05D-47FA-BF77-BB27AC689704}.Debug|Any CPU.ActiveCfg = Debug|Any CPU
		{86757384-C05D-47FA-BF77-BB27AC689704}.Debug|Any CPU.Build.0 = Debug|Any CPU
		{86757384-C05D-47FA-BF77-BB27AC689704}.Release|Any CPU.ActiveCfg = Release|Any CPU
		{86757384-C05D-47FA-BF77-BB27AC689704}.Release|Any CPU.Build.0 = Release|Any CPU
		{74DF3170-86C6-408F-BCBA-3ED1B3BC8BF1}.Debug|Any CPU.ActiveCfg = Debug|Any CPU
		{74DF3170-86C6-408F-BCBA-3ED1B3BC8BF1}.Debug|Any CPU.Build.0 = Debug|Any CPU
		{74DF3170-86C6-408F-BCBA-3ED1B3BC8BF1}.Release|Any CPU.ActiveCfg = Release|Any CPU
		{74DF3170-86C6-408F-BCBA-3ED1B3BC8BF1}.Release|Any CPU.Build.0 = Release|Any CPU
		{DF9180A5-80A6-427D-9F45-67864BB58BC8}.Debug|Any CPU.ActiveCfg = Debug|Any CPU
		{DF9180A5-80A6-427D-9F45-67864BB58BC8}.Debug|Any CPU.Build.0 = Debug|Any CPU
		{DF9180A5-80A6-427D-9F45-67864BB58BC8}.Release|Any CPU.ActiveCfg = Release|Any CPU
		{DF9180A5-80A6-427D-9F45-67864BB58BC8}.Release|Any CPU.Build.0 = Release|Any CPU
		{C190D4FE-98F4-4BB5-BBD2-C1122793F236}.Debug|Any CPU.ActiveCfg = Debug|Any CPU
		{C190D4FE-98F4-4BB5-BBD2-C1122793F236}.Debug|Any CPU.Build.0 = Debug|Any CPU
		{C190D4FE-98F4-4BB5-BBD2-C1122793F236}.Release|Any CPU.ActiveCfg = Release|Any CPU
		{C190D4FE-98F4-4BB5-BBD2-C1122793F236}.Release|Any CPU.Build.0 = Release|Any CPU
		{573D64B7-B494-4EA3-AF8D-FDAE31E93727}.Debug|Any CPU.ActiveCfg = Debug|Any CPU
		{573D64B7-B494-4EA3-AF8D-FDAE31E93727}.Debug|Any CPU.Build.0 = Debug|Any CPU
		{573D64B7-B494-4EA3-AF8D-FDAE31E93727}.Release|Any CPU.ActiveCfg = Release|Any CPU
		{573D64B7-B494-4EA3-AF8D-FDAE31E93727}.Release|Any CPU.Build.0 = Release|Any CPU
		{1EE44154-2A4A-4A4E-8653-CF64E34439E4}.Debug|Any CPU.ActiveCfg = Debug|Any CPU
		{1EE44154-2A4A-4A4E-8653-CF64E34439E4}.Debug|Any CPU.Build.0 = Debug|Any CPU
		{1EE44154-2A4A-4A4E-8653-CF64E34439E4}.Release|Any CPU.ActiveCfg = Release|Any CPU
		{1EE44154-2A4A-4A4E-8653-CF64E34439E4}.Release|Any CPU.Build.0 = Release|Any CPU
		{B6A9421E-7811-4083-ADBA-CC57CB0816ED}.Debug|Any CPU.ActiveCfg = Debug|Any CPU
		{B6A9421E-7811-4083-ADBA-CC57CB0816ED}.Debug|Any CPU.Build.0 = Debug|Any CPU
		{B6A9421E-7811-4083-ADBA-CC57CB0816ED}.Release|Any CPU.ActiveCfg = Release|Any CPU
		{B6A9421E-7811-4083-ADBA-CC57CB0816ED}.Release|Any CPU.Build.0 = Release|Any CPU
		{4715B7D8-DDA1-46CC-B389-3D79EB2A4775}.Debug|Any CPU.ActiveCfg = Debug|Any CPU
		{4715B7D8-DDA1-46CC-B389-3D79EB2A4775}.Debug|Any CPU.Build.0 = Debug|Any CPU
		{4715B7D8-DDA1-46CC-B389-3D79EB2A4775}.Release|Any CPU.ActiveCfg = Release|Any CPU
		{4715B7D8-DDA1-46CC-B389-3D79EB2A4775}.Release|Any CPU.Build.0 = Release|Any CPU
	EndGlobalSection
	GlobalSection(SolutionProperties) = preSolution
		HideSolutionNode = FALSE
	EndGlobalSection
	GlobalSection(NestedProjects) = preSolution
		{3D4080ED-C783-479F-B3D6-13B9A27A7FDB} = {62A421E4-C5FC-4894-AF99-673E2A3014CE}
		{E4DE0E29-2505-42DD-883D-742F43C9F831} = {3D4080ED-C783-479F-B3D6-13B9A27A7FDB}
		{59D6D149-744E-4983-9D50-E6435D9C0D14} = {62A421E4-C5FC-4894-AF99-673E2A3014CE}
		{875A7E49-C271-435E-A052-0B66214B1CD4} = {59D6D149-744E-4983-9D50-E6435D9C0D14}
		{F6275450-5D5E-4B90-BAE9-46BAD16DE219} = {62A421E4-C5FC-4894-AF99-673E2A3014CE}
		{20374938-0C41-42F0-9B20-4FC4E2B063A2} = {F6275450-5D5E-4B90-BAE9-46BAD16DE219}
		{0F4CDB76-3AE5-4C1D-B4E2-C5BC46F63303} = {F6275450-5D5E-4B90-BAE9-46BAD16DE219}
		{ABB67631-B401-43DF-9C2A-9E6BF67137EA} = {F6275450-5D5E-4B90-BAE9-46BAD16DE219}
		{0B115652-5111-45C8-B23A-ED9A47B13FE3} = {20374938-0C41-42F0-9B20-4FC4E2B063A2}
		{247D4449-8854-43AE-BEE1-7E4725EFC4DE} = {20374938-0C41-42F0-9B20-4FC4E2B063A2}
		{AEE6F2A2-0B1F-41D9-B357-38E32716DCF4} = {0F4CDB76-3AE5-4C1D-B4E2-C5BC46F63303}
		{08382E14-EE8D-484F-98EC-EC28392A84FE} = {ABB67631-B401-43DF-9C2A-9E6BF67137EA}
		{AD5B29BB-F037-4BC7-82A3-DB36B6EBEC8C} = {55B8363A-720F-4360-AB3F-6434AF6193E0}
		{7FB7CA8D-F123-42E8-8A78-195FE2EB4ACE} = {62A421E4-C5FC-4894-AF99-673E2A3014CE}
		{86757384-C05D-47FA-BF77-BB27AC689704} = {7FB7CA8D-F123-42E8-8A78-195FE2EB4ACE}
		{74DF3170-86C6-408F-BCBA-3ED1B3BC8BF1} = {7FB7CA8D-F123-42E8-8A78-195FE2EB4ACE}
		{DF9180A5-80A6-427D-9F45-67864BB58BC8} = {7FB7CA8D-F123-42E8-8A78-195FE2EB4ACE}
		{C190D4FE-98F4-4BB5-BBD2-C1122793F236} = {7FB7CA8D-F123-42E8-8A78-195FE2EB4ACE}
		{573D64B7-B494-4EA3-AF8D-FDAE31E93727} = {7FB7CA8D-F123-42E8-8A78-195FE2EB4ACE}
		{4377B2D8-DDBC-4FA4-839B-06D9C036A692} = {62A421E4-C5FC-4894-AF99-673E2A3014CE}
		{1EE44154-2A4A-4A4E-8653-CF64E34439E4} = {4377B2D8-DDBC-4FA4-839B-06D9C036A692}
		{D3F56422-33F8-43B5-BA14-A5DA81C954DD} = {4377B2D8-DDBC-4FA4-839B-06D9C036A692}
		{3D2CB222-7E43-4459-9C7F-05B38E275DC8} = {62A421E4-C5FC-4894-AF99-673E2A3014CE}
		{B6A9421E-7811-4083-ADBA-CC57CB0816ED} = {3D2CB222-7E43-4459-9C7F-05B38E275DC8}
		{877BEC93-C053-4429-8D6A-4559E6D646CC} = {62A421E4-C5FC-4894-AF99-673E2A3014CE}
		{4715B7D8-DDA1-46CC-B389-3D79EB2A4775} = {877BEC93-C053-4429-8D6A-4559E6D646CC}
	EndGlobalSection
	GlobalSection(ExtensibilityGlobals) = postSolution
		SolutionGuid = {7659A34E-05A1-4FCC-B533-86D94C3A0AAF}
	EndGlobalSection
EndGlobal
